Microsoft Visual Studio Solution File, Format Version 12.00
# Visual Studio Version 17
VisualStudioVersion = 17.5.2.0
MinimumVisualStudioVersion = 10.0.40219.1
Project("{2150E333-8FDC-42A3-9474-1A3956D46DE8}") = "otak-mcp-commander", "otak-mcp-commander", "{53BDC28B-6309-5401-335C-487E00C0A241}"
EndProject
Project("{FAE04EC0-301F-11D3-BF4B-00C04F79EFBC}") = "otak-mcp-commander", "otak-mcp-commander\otak-mcp-commander\otak-mcp-commander.csproj", "{9E570D32-E829-9A2E-2EC3-0A2FB37533D5}"
EndProject
Global
	GlobalSection(SolutionConfigurationPlatforms) = preSolution
		Debug|Any CPU = Debug|Any CPU
		Release|Any CPU = Release|Any CPU
	EndGlobalSection
	GlobalSection(ProjectConfigurationPlatforms) = postSolution
		{9E570D32-E829-9A2E-2EC3-0A2FB37533D5}.Debug|Any CPU.ActiveCfg = Debug|Any CPU
		{9E570D32-E829-9A2E-2EC3-0A2FB37533D5}.Debug|Any CPU.Build.0 = Debug|Any CPU
		{9E570D32-E829-9A2E-2EC3-0A2FB37533D5}.Release|Any CPU.ActiveCfg = Release|Any CPU
		{9E570D32-E829-9A2E-2EC3-0A2FB37533D5}.Release|Any CPU.Build.0 = Release|Any CPU
	EndGlobalSection
	GlobalSection(SolutionProperties) = preSolution
		HideSolutionNode = FALSE
	EndGlobalSection
	GlobalSection(NestedProjects) = preSolution
		{9E570D32-E829-9A2E-2EC3-0A2FB37533D5} = {53BDC28B-6309-5401-335C-487E00C0A241}
	EndGlobalSection
	GlobalSection(ExtensibilityGlobals) = postSolution
		SolutionGuid = {0FA848D1-FD3C-4CD0-988F-98C2BC53404B}
	EndGlobalSection
EndGlobal
